
Microsoft Visual Studio Solution File, Format Version 12.00
# Visual Studio Version 16
VisualStudioVersion = 16.0.29509.3
MinimumVisualStudioVersion = 10.0.40219.1
Project("{FAE04EC0-301F-11D3-BF4B-00C04F79EFBC}") = "WTFExplore", "WTFExplore\WTFExplore.csproj", "{C6A036A1-7760-41D5-8068-AE321BA815DC}"
EndProject
Global
	GlobalSection(SolutionConfigurationPlatforms) = preSolution
		Debug|Any CPU = Debug|Any CPU
		Release|Any CPU = Release|Any CPU
	EndGlobalSection
	GlobalSection(ProjectConfigurationPlatforms) = postSolution
		{C6A036A1-7760-41D5-8068-AE321BA815DC}.Debug|Any CPU.ActiveCfg = Debug|Any CPU
		{C6A036A1-7760-41D5-8068-AE321BA815DC}.Debug|Any CPU.Build.0 = Debug|Any CPU
		{C6A036A1-7760-41D5-8068-AE321BA815DC}.Release|Any CPU.ActiveCfg = Release|Any CPU
		{C6A036A1-7760-41D5-8068-AE321BA815DC}.Release|Any CPU.Build.0 = Release|Any CPU
	EndGlobalSection
	GlobalSection(SolutionProperties) = preSolution
		HideSolutionNode = FALSE
	EndGlobalSection
	GlobalSection(ExtensibilityGlobals) = postSolution
		SolutionGuid = {6E55B86B-46DA-43F0-B7E2-E4B625E88428}
	EndGlobalSection
EndGlobal
