
Microsoft Visual Studio Solution File, Format Version 12.00
# Visual Studio Version 16
VisualStudioVersion = 16.0.29503.13
MinimumVisualStudioVersion = 10.0.40219.1
Project("{FAE04EC0-301F-11D3-BF4B-00C04F79EFBC}") = "temporee", "temporee\temporee.csproj", "{736C2431-6E28-4DCA-8ABF-70F56B123EB2}"
EndProject
Global
	GlobalSection(SolutionConfigurationPlatforms) = preSolution
		Debug|Any CPU = Debug|Any CPU
		Release|Any CPU = Release|Any CPU
	EndGlobalSection
	GlobalSection(ProjectConfigurationPlatforms) = postSolution
		{736C2431-6E28-4DCA-8ABF-70F56B123EB2}.Debug|Any CPU.ActiveCfg = Debug|Any CPU
		{736C2431-6E28-4DCA-8ABF-70F56B123EB2}.Debug|Any CPU.Build.0 = Debug|Any CPU
		{736C2431-6E28-4DCA-8ABF-70F56B123EB2}.Release|Any CPU.ActiveCfg = Release|Any CPU
		{736C2431-6E28-4DCA-8ABF-70F56B123EB2}.Release|Any CPU.Build.0 = Release|Any CPU
	EndGlobalSection
	GlobalSection(SolutionProperties) = preSolution
		HideSolutionNode = FALSE
	EndGlobalSection
	GlobalSection(ExtensibilityGlobals) = postSolution
		SolutionGuid = {2B1E0CE6-2B09-4717-8EBC-82FF67543834}
	EndGlobalSection
EndGlobal
