
Microsoft Visual Studio Solution File, Format Version 12.00
# Visual Studio Version 16
VisualStudioVersion = 16.0.29509.3
MinimumVisualStudioVersion = 10.0.40219.1
Project("{FAE04EC0-301F-11D3-BF4B-00C04F79EFBC}") = "Packer", "Packer\Packer.csproj", "{35D67F07-57D2-490E-87F5-95EAC0FAA1F7}"
EndProject
Global
	GlobalSection(SolutionConfigurationPlatforms) = preSolution
		Debug|Any CPU = Debug|Any CPU
		Release|Any CPU = Release|Any CPU
	EndGlobalSection
	GlobalSection(ProjectConfigurationPlatforms) = postSolution
		{35D67F07-57D2-490E-87F5-95EAC0FAA1F7}.Debug|Any CPU.ActiveCfg = Debug|Any CPU
		{35D67F07-57D2-490E-87F5-95EAC0FAA1F7}.Debug|Any CPU.Build.0 = Debug|Any CPU
		{35D67F07-57D2-490E-87F5-95EAC0FAA1F7}.Release|Any CPU.ActiveCfg = Release|Any CPU
		{35D67F07-57D2-490E-87F5-95EAC0FAA1F7}.Release|Any CPU.Build.0 = Release|Any CPU
	EndGlobalSection
	GlobalSection(SolutionProperties) = preSolution
		HideSolutionNode = FALSE
	EndGlobalSection
	GlobalSection(ExtensibilityGlobals) = postSolution
		SolutionGuid = {E9A85544-1D5F-4268-8232-45244B2F11C4}
	EndGlobalSection
EndGlobal
