
Microsoft Visual Studio Solution File, Format Version 12.00
# Visual Studio Version 16
VisualStudioVersion = 16.0.29613.14
MinimumVisualStudioVersion = 10.0.40219.1
Project("{FAE04EC0-301F-11D3-BF4B-00C04F79EFBC}") = "T3EventMockUp", "T3EventMockUp\T3EventMockUp.csproj", "{6629F40F-823B-4EF7-9EA5-912C746DDFD2}"
EndProject
Global
	GlobalSection(SolutionConfigurationPlatforms) = preSolution
		Debug|Any CPU = Debug|Any CPU
		Release|Any CPU = Release|Any CPU
	EndGlobalSection
	GlobalSection(ProjectConfigurationPlatforms) = postSolution
		{6629F40F-823B-4EF7-9EA5-912C746DDFD2}.Debug|Any CPU.ActiveCfg = Debug|Any CPU
		{6629F40F-823B-4EF7-9EA5-912C746DDFD2}.Debug|Any CPU.Build.0 = Debug|Any CPU
		{6629F40F-823B-4EF7-9EA5-912C746DDFD2}.Release|Any CPU.ActiveCfg = Release|Any CPU
		{6629F40F-823B-4EF7-9EA5-912C746DDFD2}.Release|Any CPU.Build.0 = Release|Any CPU
	EndGlobalSection
	GlobalSection(SolutionProperties) = preSolution
		HideSolutionNode = FALSE
	EndGlobalSection
	GlobalSection(ExtensibilityGlobals) = postSolution
		SolutionGuid = {9D390435-E97D-4089-8E82-688B0AECBC93}
	EndGlobalSection
EndGlobal
