
Microsoft Visual Studio Solution File, Format Version 12.00
# Visual Studio Version 16
VisualStudioVersion = 16.0.29503.13
MinimumVisualStudioVersion = 10.0.40219.1
Project("{FAE04EC0-301F-11D3-BF4B-00C04F79EFBC}") = "TestPrimes", "TestPrimes\TestPrimes.csproj", "{5ECE9F72-F54B-45B2-A657-BCE07F8D22D5}"
EndProject
Global
	GlobalSection(SolutionConfigurationPlatforms) = preSolution
		Debug|Any CPU = Debug|Any CPU
		Release|Any CPU = Release|Any CPU
	EndGlobalSection
	GlobalSection(ProjectConfigurationPlatforms) = postSolution
		{5ECE9F72-F54B-45B2-A657-BCE07F8D22D5}.Debug|Any CPU.ActiveCfg = Debug|Any CPU
		{5ECE9F72-F54B-45B2-A657-BCE07F8D22D5}.Debug|Any CPU.Build.0 = Debug|Any CPU
		{5ECE9F72-F54B-45B2-A657-BCE07F8D22D5}.Release|Any CPU.ActiveCfg = Release|Any CPU
		{5ECE9F72-F54B-45B2-A657-BCE07F8D22D5}.Release|Any CPU.Build.0 = Release|Any CPU
	EndGlobalSection
	GlobalSection(SolutionProperties) = preSolution
		HideSolutionNode = FALSE
	EndGlobalSection
	GlobalSection(ExtensibilityGlobals) = postSolution
		SolutionGuid = {A2B93AC2-CC83-4ABE-B8E4-85CE1EF2FF7A}
	EndGlobalSection
EndGlobal
