
Microsoft Visual Studio Solution File, Format Version 12.00
# Visual Studio Version 16
VisualStudioVersion = 16.0.29613.14
MinimumVisualStudioVersion = 10.0.40219.1
Project("{FAE04EC0-301F-11D3-BF4B-00C04F79EFBC}") = "Accessor", "Accessor\Accessor.csproj", "{1BA0B6EF-383C-4F82-94E0-F1EAB6AB6172}"
EndProject
Global
	GlobalSection(SolutionConfigurationPlatforms) = preSolution
		Debug|Any CPU = Debug|Any CPU
		Release|Any CPU = Release|Any CPU
	EndGlobalSection
	GlobalSection(ProjectConfigurationPlatforms) = postSolution
		{1BA0B6EF-383C-4F82-94E0-F1EAB6AB6172}.Debug|Any CPU.ActiveCfg = Debug|Any CPU
		{1BA0B6EF-383C-4F82-94E0-F1EAB6AB6172}.Debug|Any CPU.Build.0 = Debug|Any CPU
		{1BA0B6EF-383C-4F82-94E0-F1EAB6AB6172}.Release|Any CPU.ActiveCfg = Release|Any CPU
		{1BA0B6EF-383C-4F82-94E0-F1EAB6AB6172}.Release|Any CPU.Build.0 = Release|Any CPU
	EndGlobalSection
	GlobalSection(SolutionProperties) = preSolution
		HideSolutionNode = FALSE
	EndGlobalSection
	GlobalSection(ExtensibilityGlobals) = postSolution
		SolutionGuid = {DCB6AD9D-BEE2-47B5-81D2-BD1904C18A01}
	EndGlobalSection
EndGlobal
