
Microsoft Visual Studio Solution File, Format Version 12.00
# Visual Studio Version 16
VisualStudioVersion = 16.0.29509.3
MinimumVisualStudioVersion = 10.0.40219.1
Project("{FAE04EC0-301F-11D3-BF4B-00C04F79EFBC}") = "WeightedRandom", "WeightedRandom\WeightedRandom.csproj", "{D5652313-622B-4F6D-A432-AC2ACC25B238}"
EndProject
Global
	GlobalSection(SolutionConfigurationPlatforms) = preSolution
		Debug|Any CPU = Debug|Any CPU
		Release|Any CPU = Release|Any CPU
	EndGlobalSection
	GlobalSection(ProjectConfigurationPlatforms) = postSolution
		{D5652313-622B-4F6D-A432-AC2ACC25B238}.Debug|Any CPU.ActiveCfg = Debug|Any CPU
		{D5652313-622B-4F6D-A432-AC2ACC25B238}.Debug|Any CPU.Build.0 = Debug|Any CPU
		{D5652313-622B-4F6D-A432-AC2ACC25B238}.Release|Any CPU.ActiveCfg = Release|Any CPU
		{D5652313-622B-4F6D-A432-AC2ACC25B238}.Release|Any CPU.Build.0 = Release|Any CPU
	EndGlobalSection
	GlobalSection(SolutionProperties) = preSolution
		HideSolutionNode = FALSE
	EndGlobalSection
	GlobalSection(ExtensibilityGlobals) = postSolution
		SolutionGuid = {4B079412-B60B-4581-97D3-30A5A7E33F7D}
	EndGlobalSection
EndGlobal
