
Microsoft Visual Studio Solution File, Format Version 12.00
# Visual Studio Version 16
VisualStudioVersion = 16.0.29503.13
MinimumVisualStudioVersion = 10.0.40219.1
Project("{FAE04EC0-301F-11D3-BF4B-00C04F79EFBC}") = "ToolTest", "ToolTest\ToolTest.csproj", "{BB05CAFD-5D9E-4080-9EED-DC3C7B79BC46}"
EndProject
Global
	GlobalSection(SolutionConfigurationPlatforms) = preSolution
		Debug|Any CPU = Debug|Any CPU
		Release|Any CPU = Release|Any CPU
	EndGlobalSection
	GlobalSection(ProjectConfigurationPlatforms) = postSolution
		{BB05CAFD-5D9E-4080-9EED-DC3C7B79BC46}.Debug|Any CPU.ActiveCfg = Debug|Any CPU
		{BB05CAFD-5D9E-4080-9EED-DC3C7B79BC46}.Debug|Any CPU.Build.0 = Debug|Any CPU
		{BB05CAFD-5D9E-4080-9EED-DC3C7B79BC46}.Release|Any CPU.ActiveCfg = Release|Any CPU
		{BB05CAFD-5D9E-4080-9EED-DC3C7B79BC46}.Release|Any CPU.Build.0 = Release|Any CPU
	EndGlobalSection
	GlobalSection(SolutionProperties) = preSolution
		HideSolutionNode = FALSE
	EndGlobalSection
	GlobalSection(ExtensibilityGlobals) = postSolution
		SolutionGuid = {3D45D3EF-FC7E-4E5D-885F-18FC110F98A1}
	EndGlobalSection
EndGlobal
