
Microsoft Visual Studio Solution File, Format Version 12.00
# Visual Studio Version 16
VisualStudioVersion = 16.0.29503.13
MinimumVisualStudioVersion = 10.0.40219.1
Project("{FAE04EC0-301F-11D3-BF4B-00C04F79EFBC}") = "Iterator", "Iterator\Iterator.csproj", "{F4808DF3-1500-4C4D-9EEC-DEB5554F166C}"
EndProject
Global
	GlobalSection(SolutionConfigurationPlatforms) = preSolution
		Debug|Any CPU = Debug|Any CPU
		Release|Any CPU = Release|Any CPU
	EndGlobalSection
	GlobalSection(ProjectConfigurationPlatforms) = postSolution
		{F4808DF3-1500-4C4D-9EEC-DEB5554F166C}.Debug|Any CPU.ActiveCfg = Debug|Any CPU
		{F4808DF3-1500-4C4D-9EEC-DEB5554F166C}.Debug|Any CPU.Build.0 = Debug|Any CPU
		{F4808DF3-1500-4C4D-9EEC-DEB5554F166C}.Release|Any CPU.ActiveCfg = Release|Any CPU
		{F4808DF3-1500-4C4D-9EEC-DEB5554F166C}.Release|Any CPU.Build.0 = Release|Any CPU
	EndGlobalSection
	GlobalSection(SolutionProperties) = preSolution
		HideSolutionNode = FALSE
	EndGlobalSection
	GlobalSection(ExtensibilityGlobals) = postSolution
		SolutionGuid = {DC60F3EF-8D0B-4DFB-8FA1-7117B3154189}
	EndGlobalSection
EndGlobal
